
Microsoft Visual Studio Solution File, Format Version 12.00
# Visual Studio Version 17
VisualStudioVersion = 17.9.34728.123
MinimumVisualStudioVersion = 10.0.40219.1
Project("{FAE04EC0-301F-11D3-BF4B-00C04F79EFBC}") = "DevOps Learning", "DevOps Learning\DevOps Learning.csproj", "{160C937E-78D0-4007-A43A-D3DE9A533E96}"
EndProject
Global
	GlobalSection(SolutionConfigurationPlatforms) = preSolution
		Debug|Any CPU = Debug|Any CPU
		Release|Any CPU = Release|Any CPU
	EndGlobalSection
	GlobalSection(ProjectConfigurationPlatforms) = postSolution
		{160C937E-78D0-4007-A43A-D3DE9A533E96}.Debug|Any CPU.ActiveCfg = Debug|Any CPU
		{160C937E-78D0-4007-A43A-D3DE9A533E96}.Debug|Any CPU.Build.0 = Debug|Any CPU
		{160C937E-78D0-4007-A43A-D3DE9A533E96}.Release|Any CPU.ActiveCfg = Release|Any CPU
		{160C937E-78D0-4007-A43A-D3DE9A533E96}.Release|Any CPU.Build.0 = Release|Any CPU
	EndGlobalSection
	GlobalSection(SolutionProperties) = preSolution
		HideSolutionNode = FALSE
	EndGlobalSection
	GlobalSection(ExtensibilityGlobals) = postSolution
		SolutionGuid = {100EE3A5-89F9-4EB4-A8A6-57051FC12701}
	EndGlobalSection
EndGlobal
